
Microsoft Visual Studio Solution File, Format Version 12.00
# Visual Studio 15
VisualStudioVersion = 15.0.27004.2009
MinimumVisualStudioVersion = 10.0.40219.1
Project("{FAE04EC0-301F-11D3-BF4B-00C04F79EFBC}") = "Okna", "Okna\Okna.csproj", "{CFDF3DF4-C40A-4B20-965F-9A9D54C25178}"
EndProject
Global
	GlobalSection(SolutionConfigurationPlatforms) = preSolution
		Debug|Any CPU = Debug|Any CPU
		Debug|x86 = Debug|x86
		Release|Any CPU = Release|Any CPU
		Release|x86 = Release|x86
	EndGlobalSection
	GlobalSection(ProjectConfigurationPlatforms) = postSolution
		{CFDF3DF4-C40A-4B20-965F-9A9D54C25178}.Debug|Any CPU.ActiveCfg = Debug|Any CPU
		{CFDF3DF4-C40A-4B20-965F-9A9D54C25178}.Debug|Any CPU.Build.0 = Debug|Any CPU
		{CFDF3DF4-C40A-4B20-965F-9A9D54C25178}.Debug|x86.ActiveCfg = Debug|x86
		{CFDF3DF4-C40A-4B20-965F-9A9D54C25178}.Debug|x86.Build.0 = Debug|x86
		{CFDF3DF4-C40A-4B20-965F-9A9D54C25178}.Release|Any CPU.ActiveCfg = Release|Any CPU
		{CFDF3DF4-C40A-4B20-965F-9A9D54C25178}.Release|Any CPU.Build.0 = Release|Any CPU
		{CFDF3DF4-C40A-4B20-965F-9A9D54C25178}.Release|x86.ActiveCfg = Release|x86
		{CFDF3DF4-C40A-4B20-965F-9A9D54C25178}.Release|x86.Build.0 = Release|x86
	EndGlobalSection
	GlobalSection(SolutionProperties) = preSolution
		HideSolutionNode = FALSE
	EndGlobalSection
	GlobalSection(ExtensibilityGlobals) = postSolution
		SolutionGuid = {76D118E7-4733-4A75-9DF2-784E3ABAB2F4}
	EndGlobalSection
EndGlobal
