
Microsoft Visual Studio Solution File, Format Version 12.00
# Visual Studio 15
VisualStudioVersion = 15.0.26403.7
MinimumVisualStudioVersion = 10.0.40219.1
Project("{FAE04EC0-301F-11D3-BF4B-00C04F79EFBC}") = "Okna", "Okna\Okna.csproj", "{CFDF3DF4-C40A-4B20-965F-9A9D54C25178}"
EndProject
Project("{FAE04EC0-301F-11D3-BF4B-00C04F79EFBC}") = "MaterialSkinExample", "..\..\..\Downloads\MaterialSkin-master\MaterialSkinExample\MaterialSkinExample.csproj", "{47409AA5-62AE-4189-8E83-C471502DF5E9}"
EndProject
Project("{FAE04EC0-301F-11D3-BF4B-00C04F79EFBC}") = "MaterialSkin", "..\..\..\Downloads\MaterialSkin-master\MaterialSkin\MaterialSkin.csproj", "{8EB7611B-68CD-4B8B-987A-11717E2B250C}"
EndProject
Project("{FAE04EC0-301F-11D3-BF4B-00C04F79EFBC}") = "nip24Library", "..\..\..\Downloads\nip24-cs-client-1.3.1\nip24Library\nip24Library.csproj", "{B7A1C7EB-FFB5-4C39-AD79-15CBC44FC466}"
EndProject
Project("{FAE04EC0-301F-11D3-BF4B-00C04F79EFBC}") = "nip24Example", "..\..\..\Downloads\nip24-cs-client-1.3.1\nip24Example\nip24Example.csproj", "{B3503509-7290-4BE0-9BCC-44AAEDF9591D}"
EndProject
Project("{FAE04EC0-301F-11D3-BF4B-00C04F79EFBC}") = "PrintDataGridView", "..\..\..\Downloads\PrintDataGridView_src_CS\PrintDataGridView\PrintDataGridView.csproj", "{66C11737-3FF1-4C9D-BCA9-A6CC5629360C}"
EndProject
Project("{FAE04EC0-301F-11D3-BF4B-00C04F79EFBC}") = "ZipExtractor", "..\..\..\Downloads\AutoUpdater.NET-master\ZipExtractor\ZipExtractor.csproj", "{91DE558C-6DB8-429B-A069-C0491DCFF15B}"
EndProject
Global
	GlobalSection(SolutionConfigurationPlatforms) = preSolution
		Debug|Any CPU = Debug|Any CPU
		Debug|x86 = Debug|x86
		Debug-NET35|Any CPU = Debug-NET35|Any CPU
		Debug-NET35|x86 = Debug-NET35|x86
		Debug-NET40|Any CPU = Debug-NET40|Any CPU
		Debug-NET40|x86 = Debug-NET40|x86
		Release|Any CPU = Release|Any CPU
		Release|x86 = Release|x86
		Release-NET35|Any CPU = Release-NET35|Any CPU
		Release-NET35|x86 = Release-NET35|x86
		Release-NET40|Any CPU = Release-NET40|Any CPU
		Release-NET40|x86 = Release-NET40|x86
	EndGlobalSection
	GlobalSection(ProjectConfigurationPlatforms) = postSolution
		{CFDF3DF4-C40A-4B20-965F-9A9D54C25178}.Debug|Any CPU.ActiveCfg = Debug|Any CPU
		{CFDF3DF4-C40A-4B20-965F-9A9D54C25178}.Debug|Any CPU.Build.0 = Debug|Any CPU
		{CFDF3DF4-C40A-4B20-965F-9A9D54C25178}.Debug|x86.ActiveCfg = Debug|x86
		{CFDF3DF4-C40A-4B20-965F-9A9D54C25178}.Debug|x86.Build.0 = Debug|x86
		{CFDF3DF4-C40A-4B20-965F-9A9D54C25178}.Debug-NET35|Any CPU.ActiveCfg = Debug|Any CPU
		{CFDF3DF4-C40A-4B20-965F-9A9D54C25178}.Debug-NET35|Any CPU.Build.0 = Debug|Any CPU
		{CFDF3DF4-C40A-4B20-965F-9A9D54C25178}.Debug-NET35|x86.ActiveCfg = Debug|x86
		{CFDF3DF4-C40A-4B20-965F-9A9D54C25178}.Debug-NET35|x86.Build.0 = Debug|x86
		{CFDF3DF4-C40A-4B20-965F-9A9D54C25178}.Debug-NET40|Any CPU.ActiveCfg = Debug|Any CPU
		{CFDF3DF4-C40A-4B20-965F-9A9D54C25178}.Debug-NET40|Any CPU.Build.0 = Debug|Any CPU
		{CFDF3DF4-C40A-4B20-965F-9A9D54C25178}.Debug-NET40|x86.ActiveCfg = Debug|x86
		{CFDF3DF4-C40A-4B20-965F-9A9D54C25178}.Debug-NET40|x86.Build.0 = Debug|x86
		{CFDF3DF4-C40A-4B20-965F-9A9D54C25178}.Release|Any CPU.ActiveCfg = Release|Any CPU
		{CFDF3DF4-C40A-4B20-965F-9A9D54C25178}.Release|Any CPU.Build.0 = Release|Any CPU
		{CFDF3DF4-C40A-4B20-965F-9A9D54C25178}.Release|x86.ActiveCfg = Release|x86
		{CFDF3DF4-C40A-4B20-965F-9A9D54C25178}.Release|x86.Build.0 = Release|x86
		{CFDF3DF4-C40A-4B20-965F-9A9D54C25178}.Release-NET35|Any CPU.ActiveCfg = Release|Any CPU
		{CFDF3DF4-C40A-4B20-965F-9A9D54C25178}.Release-NET35|Any CPU.Build.0 = Release|Any CPU
		{CFDF3DF4-C40A-4B20-965F-9A9D54C25178}.Release-NET35|x86.ActiveCfg = Release|x86
		{CFDF3DF4-C40A-4B20-965F-9A9D54C25178}.Release-NET35|x86.Build.0 = Release|x86
		{CFDF3DF4-C40A-4B20-965F-9A9D54C25178}.Release-NET40|Any CPU.ActiveCfg = Release|Any CPU
		{CFDF3DF4-C40A-4B20-965F-9A9D54C25178}.Release-NET40|Any CPU.Build.0 = Release|Any CPU
		{CFDF3DF4-C40A-4B20-965F-9A9D54C25178}.Release-NET40|x86.ActiveCfg = Release|x86
		{CFDF3DF4-C40A-4B20-965F-9A9D54C25178}.Release-NET40|x86.Build.0 = Release|x86
		{47409AA5-62AE-4189-8E83-C471502DF5E9}.Debug|Any CPU.ActiveCfg = Debug|Any CPU
		{47409AA5-62AE-4189-8E83-C471502DF5E9}.Debug|Any CPU.Build.0 = Debug|Any CPU
		{47409AA5-62AE-4189-8E83-C471502DF5E9}.Debug|x86.ActiveCfg = Debug|Any CPU
		{47409AA5-62AE-4189-8E83-C471502DF5E9}.Debug|x86.Build.0 = Debug|Any CPU
		{47409AA5-62AE-4189-8E83-C471502DF5E9}.Debug-NET35|Any CPU.ActiveCfg = Debug|Any CPU
		{47409AA5-62AE-4189-8E83-C471502DF5E9}.Debug-NET35|Any CPU.Build.0 = Debug|Any CPU
		{47409AA5-62AE-4189-8E83-C471502DF5E9}.Debug-NET35|x86.ActiveCfg = Debug|Any CPU
		{47409AA5-62AE-4189-8E83-C471502DF5E9}.Debug-NET35|x86.Build.0 = Debug|Any CPU
		{47409AA5-62AE-4189-8E83-C471502DF5E9}.Debug-NET40|Any CPU.ActiveCfg = Debug|Any CPU
		{47409AA5-62AE-4189-8E83-C471502DF5E9}.Debug-NET40|Any CPU.Build.0 = Debug|Any CPU
		{47409AA5-62AE-4189-8E83-C471502DF5E9}.Debug-NET40|x86.ActiveCfg = Debug|Any CPU
		{47409AA5-62AE-4189-8E83-C471502DF5E9}.Debug-NET40|x86.Build.0 = Debug|Any CPU
		{47409AA5-62AE-4189-8E83-C471502DF5E9}.Release|Any CPU.ActiveCfg = Release|Any CPU
		{47409AA5-62AE-4189-8E83-C471502DF5E9}.Release|Any CPU.Build.0 = Release|Any CPU
		{47409AA5-62AE-4189-8E83-C471502DF5E9}.Release|x86.ActiveCfg = Release|Any CPU
		{47409AA5-62AE-4189-8E83-C471502DF5E9}.Release|x86.Build.0 = Release|Any CPU
		{47409AA5-62AE-4189-8E83-C471502DF5E9}.Release-NET35|Any CPU.ActiveCfg = Release|Any CPU
		{47409AA5-62AE-4189-8E83-C471502DF5E9}.Release-NET35|Any CPU.Build.0 = Release|Any CPU
		{47409AA5-62AE-4189-8E83-C471502DF5E9}.Release-NET35|x86.ActiveCfg = Release|Any CPU
		{47409AA5-62AE-4189-8E83-C471502DF5E9}.Release-NET35|x86.Build.0 = Release|Any CPU
		{47409AA5-62AE-4189-8E83-C471502DF5E9}.Release-NET40|Any CPU.ActiveCfg = Release|Any CPU
		{47409AA5-62AE-4189-8E83-C471502DF5E9}.Release-NET40|Any CPU.Build.0 = Release|Any CPU
		{47409AA5-62AE-4189-8E83-C471502DF5E9}.Release-NET40|x86.ActiveCfg = Release|Any CPU
		{47409AA5-62AE-4189-8E83-C471502DF5E9}.Release-NET40|x86.Build.0 = Release|Any CPU
		{8EB7611B-68CD-4B8B-987A-11717E2B250C}.Debug|Any CPU.ActiveCfg = Debug|Any CPU
		{8EB7611B-68CD-4B8B-987A-11717E2B250C}.Debug|Any CPU.Build.0 = Debug|Any CPU
		{8EB7611B-68CD-4B8B-987A-11717E2B250C}.Debug|x86.ActiveCfg = Debug|Any CPU
		{8EB7611B-68CD-4B8B-987A-11717E2B250C}.Debug|x86.Build.0 = Debug|Any CPU
		{8EB7611B-68CD-4B8B-987A-11717E2B250C}.Debug-NET35|Any CPU.ActiveCfg = Debug|Any CPU
		{8EB7611B-68CD-4B8B-987A-11717E2B250C}.Debug-NET35|Any CPU.Build.0 = Debug|Any CPU
		{8EB7611B-68CD-4B8B-987A-11717E2B250C}.Debug-NET35|x86.ActiveCfg = Debug|Any CPU
		{8EB7611B-68CD-4B8B-987A-11717E2B250C}.Debug-NET35|x86.Build.0 = Debug|Any CPU
		{8EB7611B-68CD-4B8B-987A-11717E2B250C}.Debug-NET40|Any CPU.ActiveCfg = Debug|Any CPU
		{8EB7611B-68CD-4B8B-987A-11717E2B250C}.Debug-NET40|Any CPU.Build.0 = Debug|Any CPU
		{8EB7611B-68CD-4B8B-987A-11717E2B250C}.Debug-NET40|x86.ActiveCfg = Debug|Any CPU
		{8EB7611B-68CD-4B8B-987A-11717E2B250C}.Debug-NET40|x86.Build.0 = Debug|Any CPU
		{8EB7611B-68CD-4B8B-987A-11717E2B250C}.Release|Any CPU.ActiveCfg = Release|Any CPU
		{8EB7611B-68CD-4B8B-987A-11717E2B250C}.Release|Any CPU.Build.0 = Release|Any CPU
		{8EB7611B-68CD-4B8B-987A-11717E2B250C}.Release|x86.ActiveCfg = Release|Any CPU
		{8EB7611B-68CD-4B8B-987A-11717E2B250C}.Release|x86.Build.0 = Release|Any CPU
		{8EB7611B-68CD-4B8B-987A-11717E2B250C}.Release-NET35|Any CPU.ActiveCfg = Release|Any CPU
		{8EB7611B-68CD-4B8B-987A-11717E2B250C}.Release-NET35|Any CPU.Build.0 = Release|Any CPU
		{8EB7611B-68CD-4B8B-987A-11717E2B250C}.Release-NET35|x86.ActiveCfg = Release|Any CPU
		{8EB7611B-68CD-4B8B-987A-11717E2B250C}.Release-NET35|x86.Build.0 = Release|Any CPU
		{8EB7611B-68CD-4B8B-987A-11717E2B250C}.Release-NET40|Any CPU.ActiveCfg = Release|Any CPU
		{8EB7611B-68CD-4B8B-987A-11717E2B250C}.Release-NET40|Any CPU.Build.0 = Release|Any CPU
		{8EB7611B-68CD-4B8B-987A-11717E2B250C}.Release-NET40|x86.ActiveCfg = Release|Any CPU
		{8EB7611B-68CD-4B8B-987A-11717E2B250C}.Release-NET40|x86.Build.0 = Release|Any CPU
		{B7A1C7EB-FFB5-4C39-AD79-15CBC44FC466}.Debug|Any CPU.ActiveCfg = Debug|Any CPU
		{B7A1C7EB-FFB5-4C39-AD79-15CBC44FC466}.Debug|Any CPU.Build.0 = Debug|Any CPU
		{B7A1C7EB-FFB5-4C39-AD79-15CBC44FC466}.Debug|x86.ActiveCfg = Debug|Any CPU
		{B7A1C7EB-FFB5-4C39-AD79-15CBC44FC466}.Debug|x86.Build.0 = Debug|Any CPU
		{B7A1C7EB-FFB5-4C39-AD79-15CBC44FC466}.Debug-NET35|Any CPU.ActiveCfg = Debug|Any CPU
		{B7A1C7EB-FFB5-4C39-AD79-15CBC44FC466}.Debug-NET35|Any CPU.Build.0 = Debug|Any CPU
		{B7A1C7EB-FFB5-4C39-AD79-15CBC44FC466}.Debug-NET35|x86.ActiveCfg = Debug|Any CPU
		{B7A1C7EB-FFB5-4C39-AD79-15CBC44FC466}.Debug-NET35|x86.Build.0 = Debug|Any CPU
		{B7A1C7EB-FFB5-4C39-AD79-15CBC44FC466}.Debug-NET40|Any CPU.ActiveCfg = Debug|Any CPU
		{B7A1C7EB-FFB5-4C39-AD79-15CBC44FC466}.Debug-NET40|Any CPU.Build.0 = Debug|Any CPU
		{B7A1C7EB-FFB5-4C39-AD79-15CBC44FC466}.Debug-NET40|x86.ActiveCfg = Debug|Any CPU
		{B7A1C7EB-FFB5-4C39-AD79-15CBC44FC466}.Debug-NET40|x86.Build.0 = Debug|Any CPU
		{B7A1C7EB-FFB5-4C39-AD79-15CBC44FC466}.Release|Any CPU.ActiveCfg = Release|Any CPU
		{B7A1C7EB-FFB5-4C39-AD79-15CBC44FC466}.Release|Any CPU.Build.0 = Release|Any CPU
		{B7A1C7EB-FFB5-4C39-AD79-15CBC44FC466}.Release|x86.ActiveCfg = Release|Any CPU
		{B7A1C7EB-FFB5-4C39-AD79-15CBC44FC466}.Release|x86.Build.0 = Release|Any CPU
		{B7A1C7EB-FFB5-4C39-AD79-15CBC44FC466}.Release-NET35|Any CPU.ActiveCfg = Release|Any CPU
		{B7A1C7EB-FFB5-4C39-AD79-15CBC44FC466}.Release-NET35|Any CPU.Build.0 = Release|Any CPU
		{B7A1C7EB-FFB5-4C39-AD79-15CBC44FC466}.Release-NET35|x86.ActiveCfg = Release|Any CPU
		{B7A1C7EB-FFB5-4C39-AD79-15CBC44FC466}.Release-NET35|x86.Build.0 = Release|Any CPU
		{B7A1C7EB-FFB5-4C39-AD79-15CBC44FC466}.Release-NET40|Any CPU.ActiveCfg = Release|Any CPU
		{B7A1C7EB-FFB5-4C39-AD79-15CBC44FC466}.Release-NET40|Any CPU.Build.0 = Release|Any CPU
		{B7A1C7EB-FFB5-4C39-AD79-15CBC44FC466}.Release-NET40|x86.ActiveCfg = Release|Any CPU
		{B7A1C7EB-FFB5-4C39-AD79-15CBC44FC466}.Release-NET40|x86.Build.0 = Release|Any CPU
		{B3503509-7290-4BE0-9BCC-44AAEDF9591D}.Debug|Any CPU.ActiveCfg = Debug|Any CPU
		{B3503509-7290-4BE0-9BCC-44AAEDF9591D}.Debug|Any CPU.Build.0 = Debug|Any CPU
		{B3503509-7290-4BE0-9BCC-44AAEDF9591D}.Debug|x86.ActiveCfg = Debug|Any CPU
		{B3503509-7290-4BE0-9BCC-44AAEDF9591D}.Debug|x86.Build.0 = Debug|Any CPU
		{B3503509-7290-4BE0-9BCC-44AAEDF9591D}.Debug-NET35|Any CPU.ActiveCfg = Debug|Any CPU
		{B3503509-7290-4BE0-9BCC-44AAEDF9591D}.Debug-NET35|Any CPU.Build.0 = Debug|Any CPU
		{B3503509-7290-4BE0-9BCC-44AAEDF9591D}.Debug-NET35|x86.ActiveCfg = Debug|Any CPU
		{B3503509-7290-4BE0-9BCC-44AAEDF9591D}.Debug-NET35|x86.Build.0 = Debug|Any CPU
		{B3503509-7290-4BE0-9BCC-44AAEDF9591D}.Debug-NET40|Any CPU.ActiveCfg = Debug|Any CPU
		{B3503509-7290-4BE0-9BCC-44AAEDF9591D}.Debug-NET40|Any CPU.Build.0 = Debug|Any CPU
		{B3503509-7290-4BE0-9BCC-44AAEDF9591D}.Debug-NET40|x86.ActiveCfg = Debug|Any CPU
		{B3503509-7290-4BE0-9BCC-44AAEDF9591D}.Debug-NET40|x86.Build.0 = Debug|Any CPU
		{B3503509-7290-4BE0-9BCC-44AAEDF9591D}.Release|Any CPU.ActiveCfg = Release|Any CPU
		{B3503509-7290-4BE0-9BCC-44AAEDF9591D}.Release|Any CPU.Build.0 = Release|Any CPU
		{B3503509-7290-4BE0-9BCC-44AAEDF9591D}.Release|x86.ActiveCfg = Release|Any CPU
		{B3503509-7290-4BE0-9BCC-44AAEDF9591D}.Release|x86.Build.0 = Release|Any CPU
		{B3503509-7290-4BE0-9BCC-44AAEDF9591D}.Release-NET35|Any CPU.ActiveCfg = Release|Any CPU
		{B3503509-7290-4BE0-9BCC-44AAEDF9591D}.Release-NET35|Any CPU.Build.0 = Release|Any CPU
		{B3503509-7290-4BE0-9BCC-44AAEDF9591D}.Release-NET35|x86.ActiveCfg = Release|Any CPU
		{B3503509-7290-4BE0-9BCC-44AAEDF9591D}.Release-NET35|x86.Build.0 = Release|Any CPU
		{B3503509-7290-4BE0-9BCC-44AAEDF9591D}.Release-NET40|Any CPU.ActiveCfg = Release|Any CPU
		{B3503509-7290-4BE0-9BCC-44AAEDF9591D}.Release-NET40|Any CPU.Build.0 = Release|Any CPU
		{B3503509-7290-4BE0-9BCC-44AAEDF9591D}.Release-NET40|x86.ActiveCfg = Release|Any CPU
		{B3503509-7290-4BE0-9BCC-44AAEDF9591D}.Release-NET40|x86.Build.0 = Release|Any CPU
		{66C11737-3FF1-4C9D-BCA9-A6CC5629360C}.Debug|Any CPU.ActiveCfg = Debug|Any CPU
		{66C11737-3FF1-4C9D-BCA9-A6CC5629360C}.Debug|Any CPU.Build.0 = Debug|Any CPU
		{66C11737-3FF1-4C9D-BCA9-A6CC5629360C}.Debug|x86.ActiveCfg = Debug|Any CPU
		{66C11737-3FF1-4C9D-BCA9-A6CC5629360C}.Debug|x86.Build.0 = Debug|Any CPU
		{66C11737-3FF1-4C9D-BCA9-A6CC5629360C}.Debug-NET35|Any CPU.ActiveCfg = Debug|Any CPU
		{66C11737-3FF1-4C9D-BCA9-A6CC5629360C}.Debug-NET35|Any CPU.Build.0 = Debug|Any CPU
		{66C11737-3FF1-4C9D-BCA9-A6CC5629360C}.Debug-NET35|x86.ActiveCfg = Debug|Any CPU
		{66C11737-3FF1-4C9D-BCA9-A6CC5629360C}.Debug-NET35|x86.Build.0 = Debug|Any CPU
		{66C11737-3FF1-4C9D-BCA9-A6CC5629360C}.Debug-NET40|Any CPU.ActiveCfg = Debug|Any CPU
		{66C11737-3FF1-4C9D-BCA9-A6CC5629360C}.Debug-NET40|Any CPU.Build.0 = Debug|Any CPU
		{66C11737-3FF1-4C9D-BCA9-A6CC5629360C}.Debug-NET40|x86.ActiveCfg = Debug|Any CPU
		{66C11737-3FF1-4C9D-BCA9-A6CC5629360C}.Debug-NET40|x86.Build.0 = Debug|Any CPU
		{66C11737-3FF1-4C9D-BCA9-A6CC5629360C}.Release|Any CPU.ActiveCfg = Release|Any CPU
		{66C11737-3FF1-4C9D-BCA9-A6CC5629360C}.Release|Any CPU.Build.0 = Release|Any CPU
		{66C11737-3FF1-4C9D-BCA9-A6CC5629360C}.Release|x86.ActiveCfg = Release|Any CPU
		{66C11737-3FF1-4C9D-BCA9-A6CC5629360C}.Release|x86.Build.0 = Release|Any CPU
		{66C11737-3FF1-4C9D-BCA9-A6CC5629360C}.Release-NET35|Any CPU.ActiveCfg = Release|Any CPU
		{66C11737-3FF1-4C9D-BCA9-A6CC5629360C}.Release-NET35|Any CPU.Build.0 = Release|Any CPU
		{66C11737-3FF1-4C9D-BCA9-A6CC5629360C}.Release-NET35|x86.ActiveCfg = Release|Any CPU
		{66C11737-3FF1-4C9D-BCA9-A6CC5629360C}.Release-NET35|x86.Build.0 = Release|Any CPU
		{66C11737-3FF1-4C9D-BCA9-A6CC5629360C}.Release-NET40|Any CPU.ActiveCfg = Release|Any CPU
		{66C11737-3FF1-4C9D-BCA9-A6CC5629360C}.Release-NET40|Any CPU.Build.0 = Release|Any CPU
		{66C11737-3FF1-4C9D-BCA9-A6CC5629360C}.Release-NET40|x86.ActiveCfg = Release|Any CPU
		{66C11737-3FF1-4C9D-BCA9-A6CC5629360C}.Release-NET40|x86.Build.0 = Release|Any CPU
		{91DE558C-6DB8-429B-A069-C0491DCFF15B}.Debug|Any CPU.ActiveCfg = Debug|Any CPU
		{91DE558C-6DB8-429B-A069-C0491DCFF15B}.Debug|Any CPU.Build.0 = Debug|Any CPU
		{91DE558C-6DB8-429B-A069-C0491DCFF15B}.Debug|x86.ActiveCfg = Debug|Any CPU
		{91DE558C-6DB8-429B-A069-C0491DCFF15B}.Debug|x86.Build.0 = Debug|Any CPU
		{91DE558C-6DB8-429B-A069-C0491DCFF15B}.Debug-NET35|Any CPU.ActiveCfg = Debug|Any CPU
		{91DE558C-6DB8-429B-A069-C0491DCFF15B}.Debug-NET35|Any CPU.Build.0 = Debug|Any CPU
		{91DE558C-6DB8-429B-A069-C0491DCFF15B}.Debug-NET35|x86.ActiveCfg = Debug-NET35|Any CPU
		{91DE558C-6DB8-429B-A069-C0491DCFF15B}.Debug-NET35|x86.Build.0 = Debug-NET35|Any CPU
		{91DE558C-6DB8-429B-A069-C0491DCFF15B}.Debug-NET40|Any CPU.ActiveCfg = Debug|Any CPU
		{91DE558C-6DB8-429B-A069-C0491DCFF15B}.Debug-NET40|Any CPU.Build.0 = Debug|Any CPU
		{91DE558C-6DB8-429B-A069-C0491DCFF15B}.Debug-NET40|x86.ActiveCfg = Debug-NET40|Any CPU
		{91DE558C-6DB8-429B-A069-C0491DCFF15B}.Debug-NET40|x86.Build.0 = Debug-NET40|Any CPU
		{91DE558C-6DB8-429B-A069-C0491DCFF15B}.Release|Any CPU.ActiveCfg = Release|Any CPU
		{91DE558C-6DB8-429B-A069-C0491DCFF15B}.Release|Any CPU.Build.0 = Release|Any CPU
		{91DE558C-6DB8-429B-A069-C0491DCFF15B}.Release|x86.ActiveCfg = Release|Any CPU
		{91DE558C-6DB8-429B-A069-C0491DCFF15B}.Release|x86.Build.0 = Release|Any CPU
		{91DE558C-6DB8-429B-A069-C0491DCFF15B}.Release-NET35|Any CPU.ActiveCfg = Release|Any CPU
		{91DE558C-6DB8-429B-A069-C0491DCFF15B}.Release-NET35|Any CPU.Build.0 = Release|Any CPU
		{91DE558C-6DB8-429B-A069-C0491DCFF15B}.Release-NET35|x86.ActiveCfg = Release-NET35|Any CPU
		{91DE558C-6DB8-429B-A069-C0491DCFF15B}.Release-NET35|x86.Build.0 = Release-NET35|Any CPU
		{91DE558C-6DB8-429B-A069-C0491DCFF15B}.Release-NET40|Any CPU.ActiveCfg = Release|Any CPU
		{91DE558C-6DB8-429B-A069-C0491DCFF15B}.Release-NET40|Any CPU.Build.0 = Release|Any CPU
		{91DE558C-6DB8-429B-A069-C0491DCFF15B}.Release-NET40|x86.ActiveCfg = Release-NET40|Any CPU
		{91DE558C-6DB8-429B-A069-C0491DCFF15B}.Release-NET40|x86.Build.0 = Release-NET40|Any CPU
	EndGlobalSection
	GlobalSection(SolutionProperties) = preSolution
		HideSolutionNode = FALSE
	EndGlobalSection
	GlobalSection(ExtensibilityGlobals) = postSolution
		SolutionGuid = {75C1F7DD-ECF1-4859-8379-89B62DF2516C}
	EndGlobalSection
	GlobalSection(SubversionScc) = preSolution
		Svn-Managed = True
		Manager = AnkhSVN - Subversion Support for Visual Studio
	EndGlobalSection
EndGlobal
